
Microsoft Visual Studio Solution File, Format Version 12.00
# Visual Studio 14
VisualStudioVersion = 14.0.25420.1
MinimumVisualStudioVersion = 10.0.40219.1
Project("{FAE04EC0-301F-11D3-BF4B-00C04F79EFBC}") = "JSClient", "JSClient\JSClient.csproj", "{20C5420E-3C9D-4F4E-9D95-3ED8588860A4}"
EndProject
Project("{FAE04EC0-301F-11D3-BF4B-00C04F79EFBC}") = "IdentitiyServer", "IdentitiyServer\IdentitiyServer.csproj", "{98B00207-BA8B-487B-9A45-95403F7928EF}"
EndProject
Global
	GlobalSection(SolutionConfigurationPlatforms) = preSolution
		Debug|Any CPU = Debug|Any CPU
		Release|Any CPU = Release|Any CPU
	EndGlobalSection
	GlobalSection(ProjectConfigurationPlatforms) = postSolution
		{20C5420E-3C9D-4F4E-9D95-3ED8588860A4}.Debug|Any CPU.ActiveCfg = Debug|Any CPU
		{20C5420E-3C9D-4F4E-9D95-3ED8588860A4}.Debug|Any CPU.Build.0 = Debug|Any CPU
		{20C5420E-3C9D-4F4E-9D95-3ED8588860A4}.Release|Any CPU.ActiveCfg = Release|Any CPU
		{20C5420E-3C9D-4F4E-9D95-3ED8588860A4}.Release|Any CPU.Build.0 = Release|Any CPU
		{98B00207-BA8B-487B-9A45-95403F7928EF}.Debug|Any CPU.ActiveCfg = Debug|Any CPU
		{98B00207-BA8B-487B-9A45-95403F7928EF}.Debug|Any CPU.Build.0 = Debug|Any CPU
		{98B00207-BA8B-487B-9A45-95403F7928EF}.Release|Any CPU.ActiveCfg = Release|Any CPU
		{98B00207-BA8B-487B-9A45-95403F7928EF}.Release|Any CPU.Build.0 = Release|Any CPU
	EndGlobalSection
	GlobalSection(SolutionProperties) = preSolution
		HideSolutionNode = FALSE
	EndGlobalSection
EndGlobal
